
Microsoft Visual Studio Solution File, Format Version 12.00
# Visual Studio 15
VisualStudioVersion = 15.0.28010.2003
MinimumVisualStudioVersion = 10.0.40219.1
Project("{FAE04EC0-301F-11D3-BF4B-00C04F79EFBC}") = "InterceptorForTemporalTables", "InterceptorForTemporalTables\InterceptorForTemporalTables.csproj", "{23F47BE1-4ECF-488B-8AB8-F5222686B0F3}"
EndProject
Global
	GlobalSection(SolutionConfigurationPlatforms) = preSolution
		Debug|Any CPU = Debug|Any CPU
		Release|Any CPU = Release|Any CPU
	EndGlobalSection
	GlobalSection(ProjectConfigurationPlatforms) = postSolution
		{23F47BE1-4ECF-488B-8AB8-F5222686B0F3}.Debug|Any CPU.ActiveCfg = Debug|Any CPU
		{23F47BE1-4ECF-488B-8AB8-F5222686B0F3}.Debug|Any CPU.Build.0 = Debug|Any CPU
		{23F47BE1-4ECF-488B-8AB8-F5222686B0F3}.Release|Any CPU.ActiveCfg = Release|Any CPU
		{23F47BE1-4ECF-488B-8AB8-F5222686B0F3}.Release|Any CPU.Build.0 = Release|Any CPU
	EndGlobalSection
	GlobalSection(SolutionProperties) = preSolution
		HideSolutionNode = FALSE
	EndGlobalSection
	GlobalSection(ExtensibilityGlobals) = postSolution
		SolutionGuid = {D13F77C3-7B99-4487-8AF7-BAB69F0BDF06}
	EndGlobalSection
EndGlobal
